
Microsoft Visual Studio Solution File, Format Version 12.00
# Visual Studio Version 17
VisualStudioVersion = 17.0.31912.275
MinimumVisualStudioVersion = 10.0.40219.1
Project("{FAE04EC0-301F-11D3-BF4B-00C04F79EFBC}") = "Personal_Inventory", "Personal_Inventory.csproj", "{78D7B42C-47C4-43D9-923E-89B4FEDE0C0D}"
EndProject
Global
	GlobalSection(SolutionConfigurationPlatforms) = preSolution
		Debug|Any CPU = Debug|Any CPU
		Release|Any CPU = Release|Any CPU
	EndGlobalSection
	GlobalSection(ProjectConfigurationPlatforms) = postSolution
		{78D7B42C-47C4-43D9-923E-89B4FEDE0C0D}.Debug|Any CPU.ActiveCfg = Debug|Any CPU
		{78D7B42C-47C4-43D9-923E-89B4FEDE0C0D}.Debug|Any CPU.Build.0 = Debug|Any CPU
		{78D7B42C-47C4-43D9-923E-89B4FEDE0C0D}.Release|Any CPU.ActiveCfg = Release|Any CPU
		{78D7B42C-47C4-43D9-923E-89B4FEDE0C0D}.Release|Any CPU.Build.0 = Release|Any CPU
	EndGlobalSection
	GlobalSection(SolutionProperties) = preSolution
		HideSolutionNode = FALSE
	EndGlobalSection
	GlobalSection(ExtensibilityGlobals) = postSolution
		SolutionGuid = {2C4B004E-8B5F-4291-8124-8481D55BC444}
	EndGlobalSection
EndGlobal
